// !$*UTF8*$!
{
	archiveVersion = 1;
	classes = {
	};
	objectVersion = 46;
	objects = {

/* Begin PBXBuildFile section */
		DBD7E0A21D8A430E008DD4D2 /* AppDelegate.swift in Sources */ = {isa = PBXBuildFile; fileRef = DBD7E0A11D8A430E008DD4D2 /* AppDelegate.swift */; };
		DBD7E0A41D8A430E008DD4D2 /* ViewController.swift in Sources */ = {isa = PBXBuildFile; fileRef = DBD7E0A31D8A430E008DD4D2 /* ViewController.swift */; };
		DBD7E0A71D8A430E008DD4D2 /* Main.storyboard in Resources */ = {isa = PBXBuildFile; fileRef = DBD7E0A51D8A430E008DD4D2 /* Main.storyboard */; };
		DBD7E0AA1D8A430E008DD4D2 /* MMCoreDataProject.xcdatamodeld in Sources */ = {isa = PBXBuildFile; fileRef = DBD7E0A81D8A430E008DD4D2 /* MMCoreDataProject.xcdatamodeld */; };
		DBD7E0AC1D8A430E008DD4D2 /* Assets.xcassets in Resources */ = {isa = PBXBuildFile; fileRef = DBD7E0AB1D8A430E008DD4D2 /* Assets.xcassets */; };
		DBD7E0AF1D8A430E008DD4D2 /* LaunchScreen.storyboard in Resources */ = {isa = PBXBuildFile; fileRef = DBD7E0AD1D8A430E008DD4D2 /* LaunchScreen.storyboard */; };
		DBD7E0BA1D8A430E008DD4D2 /* MMCoreDataProjectTests.swift in Sources */ = {isa = PBXBuildFile; fileRef = DBD7E0B91D8A430E008DD4D2 /* MMCoreDataProjectTests.swift */; };
		DBD7E0C51D8A430E008DD4D2 /* MMCoreDataProjectUITests.swift in Sources */ = {isa = PBXBuildFile; fileRef = DBD7E0C41D8A430E008DD4D2 /* MMCoreDataProjectUITests.swift */; };
/* End PBXBuildFile section */

/* Begin PBXContainerItemProxy section */
		DBD7E0B61D8A430E008DD4D2 /* PBXContainerItemProxy */ = {
			isa = PBXContainerItemProxy;
			containerPortal = DBD7E0961D8A430E008DD4D2 /* Project object */;
			proxyType = 1;
			remoteGlobalIDString = DBD7E09D1D8A430E008DD4D2;
			remoteInfo = MMCoreDataProject;
		};
		DBD7E0C11D8A430E008DD4D2 /* PBXContainerItemProxy */ = {
			isa = PBXContainerItemProxy;
			containerPortal = DBD7E0961D8A430E008DD4D2 /* Project object */;
			proxyType = 1;
			remoteGlobalIDString = DBD7E09D1D8A430E008DD4D2;
			remoteInfo = MMCoreDataProject;
		};
/* End PBXContainerItemProxy section */

/* Begin PBXFileReference section */
		DBD7E09E1D8A430E008DD4D2 /* MMCoreDataProject.app */ = {isa = PBXFileReference; explicitFileType = wrapper.application; includeInIndex = 0; path = MMCoreDataProject.app; sourceTree = BUILT_PRODUCTS_DIR; };
		DBD7E0A11D8A430E008DD4D2 /* AppDelegate.swift */ = {isa = PBXFileReference; lastKnownFileType = sourcecode.swift; path = AppDelegate.swift; sourceTree = "<group>"; };
		DBD7E0A31D8A430E008DD4D2 /* ViewController.swift */ = {isa = PBXFileReference; lastKnownFileType = sourcecode.swift; path = ViewController.swift; sourceTree = "<group>"; };
		DBD7E0A61D8A430E008DD4D2 /* Base */ = {isa = PBXFileReference; lastKnownFileType = file.storyboard; name = Base; path = Base.lproj/Main.storyboard; sourceTree = "<group>"; };
		DBD7E0A91D8A430E008DD4D2 /* MMCoreDataProject.xcdatamodel */ = {isa = PBXFileReference; lastKnownFileType = wrapper.xcdatamodel; path = MMCoreDataProject.xcdatamodel; sourceTree = "<group>"; };
		DBD7E0AB1D8A430E008DD4D2 /* Assets.xcassets */ = {isa = PBXFileReference; lastKnownFileType = folder.assetcatalog; path = Assets.xcassets; sourceTree = "<group>"; };
		DBD7E0AE1D8A430E008DD4D2 /* Base */ = {isa = PBXFileReference; lastKnownFileType = file.storyboard; name = Base; path = Base.lproj/LaunchScreen.storyboard; sourceTree = "<group>"; };
		DBD7E0B01D8A430E008DD4D2 /* Info.plist */ = {isa = PBXFileReference; lastKnownFileType = text.plist.xml; path = Info.plist; sourceTree = "<group>"; };
		DBD7E0B51D8A430E008DD4D2 /* MMCoreDataProjectTests.xctest */ = {isa = PBXFileReference; explicitFileType = wrapper.cfbundle; includeInIndex = 0; path = MMCoreDataProjectTests.xctest; sourceTree = BUILT_PRODUCTS_DIR; };
		DBD7E0B91D8A430E008DD4D2 /* MMCoreDataProjectTests.swift */ = {isa = PBXFileReference; lastKnownFileType = sourcecode.swift; path = MMCoreDataProjectTests.swift; sourceTree = "<group>"; };
		DBD7E0BB1D8A430E008DD4D2 /* Info.plist */ = {isa = PBXFileReference; lastKnownFileType = text.plist.xml; path = Info.plist; sourceTree = "<group>"; };
		DBD7E0C01D8A430E008DD4D2 /* MMCoreDataProjectUITests.xctest */ = {isa = PBXFileReference; explicitFileType = wrapper.cfbundle; includeInIndex = 0; path = MMCoreDataProjectUITests.xctest; sourceTree = BUILT_PRODUCTS_DIR; };
		DBD7E0C41D8A430E008DD4D2 /* MMCoreDataProjectUITests.swift */ = {isa = PBXFileReference; lastKnownFileType = sourcecode.swift; path = MMCoreDataProjectUITests.swift; sourceTree = "<group>"; };
		DBD7E0C61D8A430E008DD4D2 /* Info.plist */ = {isa = PBXFileReference; lastKnownFileType = text.plist.xml; path = Info.plist; sourceTree = "<group>"; };
/* End PBXFileReference section */

/* Begin PBXFrameworksBuildPhase section */
		DBD7E09B1D8A430E008DD4D2 /* Frameworks */ = {
			isa = PBXFrameworksBuildPhase;
			buildActionMask = 2147483647;
			files = (
			);
			runOnlyForDeploymentPostprocessing = 0;
		};
		DBD7E0B21D8A430E008DD4D2 /* Frameworks */ = {
			isa = PBXFrameworksBuildPhase;
			buildActionMask = 2147483647;
			files = (
			);
			runOnlyForDeploymentPostprocessing = 0;
		};
		DBD7E0BD1D8A430E008DD4D2 /* Frameworks */ = {
			isa = PBXFrameworksBuildPhase;
			buildActionMask = 2147483647;
			files = (
			);
			runOnlyForDeploymentPostprocessing = 0;
		};
/* End PBXFrameworksBuildPhase section */

/* Begin PBXGroup section */
		DBD7E0951D8A430E008DD4D2 = {
			isa = PBXGroup;
			children = (
				DBD7E0A01D8A430E008DD4D2 /* MMCoreDataProject */,
				DBD7E0B81D8A430E008DD4D2 /* MMCoreDataProjectTests */,
				DBD7E0C31D8A430E008DD4D2 /* MMCoreDataProjectUITests */,
				DBD7E09F1D8A430E008DD4D2 /* Products */,
			);
			sourceTree = "<group>";
		};
		DBD7E09F1D8A430E008DD4D2 /* Products */ = {
			isa = PBXGroup;
			children = (
				DBD7E09E1D8A430E008DD4D2 /* MMCoreDataProject.app */,
				DBD7E0B51D8A430E008DD4D2 /* MMCoreDataProjectTests.xctest */,
				DBD7E0C01D8A430E008DD4D2 /* MMCoreDataProjectUITests.xctest */,
			);
			name = Products;
			sourceTree = "<group>";
		};
		DBD7E0A01D8A430E008DD4D2 /* MMCoreDataProject */ = {
			isa = PBXGroup;
			children = (
				DBD7E0A11D8A430E008DD4D2 /* AppDelegate.swift */,
				DBD7E0A31D8A430E008DD4D2 /* ViewController.swift */,
				DBD7E0A51D8A430E008DD4D2 /* Main.storyboard */,
				DBD7E0AB1D8A430E008DD4D2 /* Assets.xcassets */,
				DBD7E0AD1D8A430E008DD4D2 /* LaunchScreen.storyboard */,
				DBD7E0B01D8A430E008DD4D2 /* Info.plist */,
				DBD7E0A81D8A430E008DD4D2 /* MMCoreDataProject.xcdatamodeld */,
			);
			path = MMCoreDataProject;
			sourceTree = "<group>";
		};
		DBD7E0B81D8A430E008DD4D2 /* MMCoreDataProjectTests */ = {
			isa = PBXGroup;
			children = (
				DBD7E0B91D8A430E008DD4D2 /* MMCoreDataProjectTests.swift */,
				DBD7E0BB1D8A430E008DD4D2 /* Info.plist */,
			);
			path = MMCoreDataProjectTests;
			sourceTree = "<group>";
		};
		DBD7E0C31D8A430E008DD4D2 /* MMCoreDataProjectUITests */ = {
			isa = PBXGroup;
			children = (
				DBD7E0C41D8A430E008DD4D2 /* MMCoreDataProjectUITests.swift */,
				DBD7E0C61D8A430E008DD4D2 /* Info.plist */,
			);
			path = MMCoreDataProjectUITests;
			sourceTree = "<group>";
		};
/* End PBXGroup section */

/* Begin PBXNativeTarget section */
		DBD7E09D1D8A430E008DD4D2 /* MMCoreDataProject */ = {
			isa = PBXNativeTarget;
			buildConfigurationList = DBD7E0C91D8A430E008DD4D2 /* Build configuration list for PBXNativeTarget "MMCoreDataProject" */;
			buildPhases = (
				DBD7E09A1D8A430E008DD4D2 /* Sources */,
				DBD7E09B1D8A430E008DD4D2 /* Frameworks */,
				DBD7E09C1D8A430E008DD4D2 /* Resources */,
			);
			buildRules = (
			);
			dependencies = (
			);
			name = MMCoreDataProject;
			productName = MMCoreDataProject;
			productReference = DBD7E09E1D8A430E008DD4D2 /* MMCoreDataProject.app */;
			productType = "com.apple.product-type.application";
		};
		DBD7E0B41D8A430E008DD4D2 /* MMCoreDataProjectTests */ = {
			isa = PBXNativeTarget;
			buildConfigurationList = DBD7E0CC1D8A430E008DD4D2 /* Build configuration list for PBXNativeTarget "MMCoreDataProjectTests" */;
			buildPhases = (
				DBD7E0B11D8A430E008DD4D2 /* Sources */,
				DBD7E0B21D8A430E008DD4D2 /* Frameworks */,
				DBD7E0B31D8A430E008DD4D2 /* Resources */,
			);
			buildRules = (
			);
			dependencies = (
				DBD7E0B71D8A430E008DD4D2 /* PBXTargetDependency */,
			);
			name = MMCoreDataProjectTests;
			productName = MMCoreDataProjectTests;
			productReference = DBD7E0B51D8A430E008DD4D2 /* MMCoreDataProjectTests.xctest */;
			productType = "com.apple.product-type.bundle.unit-test";
		};
		DBD7E0BF1D8A430E008DD4D2 /* MMCoreDataProjectUITests */ = {
			isa = PBXNativeTarget;
			buildConfigurationList = DBD7E0CF1D8A430E008DD4D2 /* Build configuration list for PBXNativeTarget "MMCoreDataProjectUITests" */;
			buildPhases = (
				DBD7E0BC1D8A430E008DD4D2 /* Sources */,
				DBD7E0BD1D8A430E008DD4D2 /* Frameworks */,
				DBD7E0BE1D8A430E008DD4D2 /* Resources */,
			);
			buildRules = (
			);
			dependencies = (
				DBD7E0C21D8A430E008DD4D2 /* PBXTargetDependency */,
			);
			name = MMCoreDataProjectUITests;
			productName = MMCoreDataProjectUITests;
			productReference = DBD7E0C01D8A430E008DD4D2 /* MMCoreDataProjectUITests.xctest */;
			productType = "com.apple.product-type.bundle.ui-testing";
		};
/* End PBXNativeTarget section */

/* Begin PBXProject section */
		DBD7E0961D8A430E008DD4D2 /* Project object */ = {
			isa = PBXProject;
			attributes = {
				LastSwiftUpdateCheck = 0730;
				LastUpgradeCheck = 0730;
				ORGANIZATIONNAME = jhhs;
				TargetAttributes = {
					DBD7E09D1D8A430E008DD4D2 = {
						CreatedOnToolsVersion = 7.3;
						DevelopmentTeam = QHE7KKX8KE;
					};
					DBD7E0B41D8A430E008DD4D2 = {
						CreatedOnToolsVersion = 7.3;
						DevelopmentTeam = QHE7KKX8KE;
						TestTargetID = DBD7E09D1D8A430E008DD4D2;
					};
					DBD7E0BF1D8A430E008DD4D2 = {
						CreatedOnToolsVersion = 7.3;
						DevelopmentTeam = QHE7KKX8KE;
						TestTargetID = DBD7E09D1D8A430E008DD4D2;
					};
				};
			};
			buildConfigurationList = DBD7E0991D8A430E008DD4D2 /* Build configuration list for PBXProject "MMCoreDataProject" */;
			compatibilityVersion = "Xcode 3.2";
			developmentRegion = English;
			hasScannedForEncodings = 0;
			knownRegions = (
				en,
				Base,
			);
			mainGroup = DBD7E0951D8A430E008DD4D2;
			productRefGroup = DBD7E09F1D8A430E008DD4D2 /* Products */;
			projectDirPath = "";
			projectRoot = "";
			targets = (
				DBD7E09D1D8A430E008DD4D2 /* MMCoreDataProject */,
				DBD7E0B41D8A430E008DD4D2 /* MMCoreDataProjectTests */,
				DBD7E0BF1D8A430E008DD4D2 /* MMCoreDataProjectUITests */,
			);
		};
/* End PBXProject section */

/* Begin PBXResourcesBuildPhase section */
		DBD7E09C1D8A430E008DD4D2 /* Resources */ = {
			isa = PBXResourcesBuildPhase;
			buildActionMask = 2147483647;
			files = (
				DBD7E0AF1D8A430E008DD4D2 /* LaunchScreen.storyboard in Resources */,
				DBD7E0AC1D8A430E008DD4D2 /* Assets.xcassets in Resources */,
				DBD7E0A71D8A430E008DD4D2 /* Main.storyboard in Resources */,
			);
			runOnlyForDeploymentPostprocessing = 0;
		};
		DBD7E0B31D8A430E008DD4D2 /* Resources */ = {
			isa = PBXResourcesBuildPhase;
			buildActionMask = 2147483647;
			files = (
			);
			runOnlyForDeploymentPostprocessing = 0;
		};
		DBD7E0BE1D8A430E008DD4D2 /* Resources */ = {
			isa = PBXResourcesBuildPhase;
			buildActionMask = 2147483647;
			files = (
			);
			runOnlyForDeploymentPostprocessing = 0;
		};
/* End PBXResourcesBuildPhase section */

/* Begin PBXSourcesBuildPhase section */
		DBD7E09A1D8A430E008DD4D2 /* Sources */ = {
			isa = PBXSourcesBuildPhase;
			buildActionMask = 2147483647;
			files = (
				DBD7E0AA1D8A430E008DD4D2 /* MMCoreDataProject.xcdatamodeld in Sources */,
				DBD7E0A41D8A430E008DD4D2 /* ViewController.swift in Sources */,
				DBD7E0A21D8A430E008DD4D2 /* AppDelegate.swift in Sources */,
			);
			runOnlyForDeploymentPostprocessing = 0;
		};
		DBD7E0B11D8A430E008DD4D2 /* Sources */ = {
			isa = PBXSourcesBuildPhase;
			buildActionMask = 2147483647;
			files = (
				DBD7E0BA1D8A430E008DD4D2 /* MMCoreDataProjectTests.swift in Sources */,
			);
			runOnlyForDeploymentPostprocessing = 0;
		};
		DBD7E0BC1D8A430E008DD4D2 /* Sources */ = {
			isa = PBXSourcesBuildPhase;
			buildActionMask = 2147483647;
			files = (
				DBD7E0C51D8A430E008DD4D2 /* MMCoreDataProjectUITests.swift in Sources */,
			);
			runOnlyForDeploymentPostprocessing = 0;
		};
/* End PBXSourcesBuildPhase section */

/* Begin PBXTargetDependency section */
		DBD7E0B71D8A430E008DD4D2 /* PBXTargetDependency */ = {
			isa = PBXTargetDependency;
			target = DBD7E09D1D8A430E008DD4D2 /* MMCoreDataProject */;
			targetProxy = DBD7E0B61D8A430E008DD4D2 /* PBXContainerItemProxy */;
		};
		DBD7E0C21D8A430E008DD4D2 /* PBXTargetDependency */ = {
			isa = PBXTargetDependency;
			target = DBD7E09D1D8A430E008DD4D2 /* MMCoreDataProject */;
			targetProxy = DBD7E0C11D8A430E008DD4D2 /* PBXContainerItemProxy */;
		};
/* End PBXTargetDependency section */

/* Begin PBXVariantGroup section */
		DBD7E0A51D8A430E008DD4D2 /* Main.storyboard */ = {
			isa = PBXVariantGroup;
			children = (
				DBD7E0A61D8A430E008DD4D2 /* Base */,
			);
			name = Main.storyboard;
			sourceTree = "<group>";
		};
		DBD7E0AD1D8A430E008DD4D2 /* LaunchScreen.storyboard */ = {
			isa = PBXVariantGroup;
			children = (
				DBD7E0AE1D8A430E008DD4D2 /* Base */,
			);
			name = LaunchScreen.storyboard;
			sourceTree = "<group>";
		};
/* End PBXVariantGroup section */

/* Begin XCBuildConfiguration section */
		DBD7E0C71D8A430E008DD4D2 /* Debug */ = {
			isa = XCBuildConfiguration;
			buildSettings = {
				ALWAYS_SEARCH_USER_PATHS = NO;
				CLANG_ANALYZER_NONNULL = YES;
				CLANG_CXX_LANGUAGE_STANDARD = "gnu++0x";
				CLANG_CXX_LIBRARY = "libc++";
				CLANG_ENABLE_MODULES = YES;
				CLANG_ENABLE_OBJC_ARC = YES;
				CLANG_WARN_BOOL_CONVERSION = YES;
				CLANG_WARN_CONSTANT_CONVERSION = YES;
				CLANG_WARN_DIRECT_OBJC_ISA_USAGE = YES_ERROR;
				CLANG_WARN_EMPTY_BODY = YES;
				CLANG_WARN_ENUM_CONVERSION = YES;
				CLANG_WARN_INT_CONVERSION = YES;
				CLANG_WARN_OBJC_ROOT_CLASS = YES_ERROR;
				CLANG_WARN_UNREACHABLE_CODE = YES;
				CLANG_WARN__DUPLICATE_METHOD_MATCH = YES;
				"CODE_SIGN_IDENTITY[sdk=iphoneos*]" = "iPhone Developer";
				COPY_PHASE_STRIP = NO;
				DEBUG_INFORMATION_FORMAT = dwarf;
				ENABLE_STRICT_OBJC_MSGSEND = YES;
				ENABLE_TESTABILITY = YES;
				GCC_C_LANGUAGE_STANDARD = gnu99;
				GCC_DYNAMIC_NO_PIC = NO;
				GCC_NO_COMMON_BLOCKS = YES;
				GCC_OPTIMIZATION_LEVEL = 0;
				GCC_PREPROCESSOR_DEFINITIONS = (
					"DEBUG=1",
					"$(inherited)",
				);
				GCC_WARN_64_TO_32_BIT_CONVERSION = YES;
				GCC_WARN_ABOUT_RETURN_TYPE = YES_ERROR;
				GCC_WARN_UNDECLARED_SELECTOR = YES;
				GCC_WARN_UNINITIALIZED_AUTOS = YES_AGGRESSIVE;
				GCC_WARN_UNUSED_FUNCTION = YES;
				GCC_WARN_UNUSED_VARIABLE = YES;
				IPHONEOS_DEPLOYMENT_TARGET = 9.3;
				MTL_ENABLE_DEBUG_INFO = YES;
				ONLY_ACTIVE_ARCH = YES;
				SDKROOT = iphoneos;
				SWIFT_OPTIMIZATION_LEVEL = "-Onone";
				TARGETED_DEVICE_FAMILY = "1,2";
			};
			name = Debug;
		};
		DBD7E0C81D8A430E008DD4D2 /* Release */ = {
			isa = XCBuildConfiguration;
			buildSettings = {
				ALWAYS_SEARCH_USER_PATHS = NO;
				CLANG_ANALYZER_NONNULL = YES;
				CLANG_CXX_LANGUAGE_STANDARD = "gnu++0x";
				CLANG_CXX_LIBRARY = "libc++";
				CLANG_ENABLE_MODULES = YES;
				CLANG_ENABLE_OBJC_ARC = YES;
				CLANG_WARN_BOOL_CONVERSION = YES;
				CLANG_WARN_CONSTANT_CONVERSION = YES;
				CLANG_WARN_DIRECT_OBJC_ISA_USAGE = YES_ERROR;
				CLANG_WARN_EMPTY_BODY = YES;
				CLANG_WARN_ENUM_CONVERSION = YES;
				CLANG_WARN_INT_CONVERSION = YES;
				CLANG_WARN_OBJC_ROOT_CLASS = YES_ERROR;
				CLANG_WARN_UNREACHABLE_CODE = YES;
				CLANG_WARN__DUPLICATE_METHOD_MATCH = YES;
				"CODE_SIGN_IDENTITY[sdk=iphoneos*]" = "iPhone Developer";
				COPY_PHASE_STRIP = NO;
				DEBUG_INFORMATION_FORMAT = "dwarf-with-dsym";
				ENABLE_NS_ASSERTIONS = NO;
				ENABLE_STRICT_OBJC_MSGSEND = YES;
				GCC_C_LANGUAGE_STANDARD = gnu99;
				GCC_NO_COMMON_BLOCKS = YES;
				GCC_WARN_64_TO_32_BIT_CONVERSION = YES;
				GCC_WARN_ABOUT_RETURN_TYPE = YES_ERROR;
				GCC_WARN_UNDECLARED_SELECTOR = YES;
				GCC_WARN_UNINITIALIZED_AUTOS = YES_AGGRESSIVE;
				GCC_WARN_UNUSED_FUNCTION = YES;
				GCC_WARN_UNUSED_VARIABLE = YES;
				IPHONEOS_DEPLOYMENT_TARGET = 9.3;
				MTL_ENABLE_DEBUG_INFO = NO;
				SDKROOT = iphoneos;
				TARGETED_DEVICE_FAMILY = "1,2";
				VALIDATE_PRODUCT = YES;
			};
			name = Release;
		};
		DBD7E0CA1D8A430E008DD4D2 /* Debug */ = {
			isa = XCBuildConfiguration;
			buildSettings = {
				ASSETCATALOG_COMPILER_APPICON_NAME = AppIcon;
				INFOPLIST_FILE = MMCoreDataProject/Info.plist;
				LD_RUNPATH_SEARCH_PATHS = "$(inherited) @executable_path/Frameworks";
				PRODUCT_BUNDLE_IDENTIFIER = org.jhhs.MMCoreDataProject;
				PRODUCT_NAME = "$(TARGET_NAME)";
			};
			name = Debug;
		};
		DBD7E0CB1D8A430E008DD4D2 /* Release */ = {
			isa = XCBuildConfiguration;
			buildSettings = {
				ASSETCATALOG_COMPILER_APPICON_NAME = AppIcon;
				INFOPLIST_FILE = MMCoreDataProject/Info.plist;
				LD_RUNPATH_SEARCH_PATHS = "$(inherited) @executable_path/Frameworks";
				PRODUCT_BUNDLE_IDENTIFIER = org.jhhs.MMCoreDataProject;
				PRODUCT_NAME = "$(TARGET_NAME)";
			};
			name = Release;
		};
		DBD7E0CD1D8A430E008DD4D2 /* Debug */ = {
			isa = XCBuildConfiguration;
			buildSettings = {
				BUNDLE_LOADER = "$(TEST_HOST)";
				INFOPLIST_FILE = MMCoreDataProjectTests/Info.plist;
				LD_RUNPATH_SEARCH_PATHS = "$(inherited) @executable_path/Frameworks @loader_path/Frameworks";
				PRODUCT_BUNDLE_IDENTIFIER = org.jhhs.MMCoreDataProjectTests;
				PRODUCT_NAME = "$(TARGET_NAME)";
				TEST_HOST = "$(BUILT_PRODUCTS_DIR)/MMCoreDataProject.app/MMCoreDataProject";
			};
			name = Debug;
		};
		DBD7E0CE1D8A430E008DD4D2 /* Release */ = {
			isa = XCBuildConfiguration;
			buildSettings = {
				BUNDLE_LOADER = "$(TEST_HOST)";
				INFOPLIST_FILE = MMCoreDataProjectTests/Info.plist;
				LD_RUNPATH_SEARCH_PATHS = "$(inherited) @executable_path/Frameworks @loader_path/Frameworks";
				PRODUCT_BUNDLE_IDENTIFIER = org.jhhs.MMCoreDataProjectTests;
				PRODUCT_NAME = "$(TARGET_NAME)";
				TEST_HOST = "$(BUILT_PRODUCTS_DIR)/MMCoreDataProject.app/MMCoreDataProject";
			};
			name = Release;
		};
		DBD7E0D01D8A430E008DD4D2 /* Debug */ = {
			isa = XCBuildConfiguration;
			buildSettings = {
				INFOPLIST_FILE = MMCoreDataProjectUITests/Info.plist;
				LD_RUNPATH_SEARCH_PATHS = "$(inherited) @executable_path/Frameworks @loader_path/Frameworks";
				PRODUCT_BUNDLE_IDENTIFIER = org.jhhs.MMCoreDataProjectUITests;
				PRODUCT_NAME = "$(TARGET_NAME)";
				TEST_TARGET_NAME = MMCoreDataProject;
			};
			name = Debug;
		};
		DBD7E0D11D8A430E008DD4D2 /* Release */ = {
			isa = XCBuildConfiguration;
			buildSettings = {
				INFOPLIST_FILE = MMCoreDataProjectUITests/Info.plist;
				LD_RUNPATH_SEARCH_PATHS = "$(inherited) @executable_path/Frameworks @loader_path/Frameworks";
				PRODUCT_BUNDLE_IDENTIFIER = org.jhhs.MMCoreDataProjectUITests;
				PRODUCT_NAME = "$(TARGET_NAME)";
				TEST_TARGET_NAME = MMCoreDataProject;
			};
			name = Release;
		};
/* End XCBuildConfiguration section */

/* Begin XCConfigurationList section */
		DBD7E0991D8A430E008DD4D2 /* Build configuration list for PBXProject "MMCoreDataProject" */ = {
			isa = XCConfigurationList;
			buildConfigurations = (
				DBD7E0C71D8A430E008DD4D2 /* Debug */,
				DBD7E0C81D8A430E008DD4D2 /* Release */,
			);
			defaultConfigurationIsVisible = 0;
			defaultConfigurationName = Release;
		};
		DBD7E0C91D8A430E008DD4D2 /* Build configuration list for PBXNativeTarget "MMCoreDataProject" */ = {
			isa = XCConfigurationList;
			buildConfigurations = (
				DBD7E0CA1D8A430E008DD4D2 /* Debug */,
				DBD7E0CB1D8A430E008DD4D2 /* Release */,
			);
			defaultConfigurationIsVisible = 0;
		};
		DBD7E0CC1D8A430E008DD4D2 /* Build configuration list for PBXNativeTarget "MMCoreDataProjectTests" */ = {
			isa = XCConfigurationList;
			buildConfigurations = (
				DBD7E0CD1D8A430E008DD4D2 /* Debug */,
				DBD7E0CE1D8A430E008DD4D2 /* Release */,
			);
			defaultConfigurationIsVisible = 0;
		};
		DBD7E0CF1D8A430E008DD4D2 /* Build configuration list for PBXNativeTarget "MMCoreDataProjectUITests" */ = {
			isa = XCConfigurationList;
			buildConfigurations = (
				DBD7E0D01D8A430E008DD4D2 /* Debug */,
				DBD7E0D11D8A430E008DD4D2 /* Release */,
			);
			defaultConfigurationIsVisible = 0;
		};
/* End XCConfigurationList section */

/* Begin XCVersionGroup section */
		DBD7E0A81D8A430E008DD4D2 /* MMCoreDataProject.xcdatamodeld */ = {
			isa = XCVersionGroup;
			children = (
				DBD7E0A91D8A430E008DD4D2 /* MMCoreDataProject.xcdatamodel */,
			);
			currentVersion = DBD7E0A91D8A430E008DD4D2 /* MMCoreDataProject.xcdatamodel */;
			path = MMCoreDataProject.xcdatamodeld;
			sourceTree = "<group>";
			versionGroupType = wrapper.xcdatamodel;
		};
/* End XCVersionGroup section */
	};
	rootObject = DBD7E0961D8A430E008DD4D2 /* Project object */;
}
